// !$*UTF8*$!
{
	archiveVersion = 1;
	classes = {
	};
	objectVersion = 54;
	objects = {

/* Begin PBXBuildFile section */
		4959A5B52111F945006193E6 /* MediaPlayer.framework in Frameworks */ = {isa = PBXBuildFile; fileRef = 4959A5B12111EFF1006193E6 /* MediaPlayer.framework */; };
		57C85F49830BFA7051E7EE1A /* Pods_MusicalCaneGame.framework in Frameworks */ = {isa = PBXBuildFile; fileRef = DE99E1F1C532771B0712C418 /* Pods_MusicalCaneGame.framework */; };
		820EF296239EBA7D004A4BCD /* RecordButtonKit.swift in Sources */ = {isa = PBXBuildFile; fileRef = 820EF292239EBA7D004A4BCD /* RecordButtonKit.swift */; };
		820EF297239EBA7D004A4BCD /* AudioVisualizerView.swift in Sources */ = {isa = PBXBuildFile; fileRef = 820EF293239EBA7D004A4BCD /* AudioVisualizerView.swift */; };
		820EF298239EBA7D004A4BCD /* RecorderViewController.swift in Sources */ = {isa = PBXBuildFile; fileRef = 820EF294239EBA7D004A4BCD /* RecorderViewController.swift */; };
		820EF299239EBA7D004A4BCD /* RecordButton.swift in Sources */ = {isa = PBXBuildFile; fileRef = 820EF295239EBA7D004A4BCD /* RecordButton.swift */; };
		820EF29E239ED24C004A4BCD /* StartRecording.aiff in Resources */ = {isa = PBXBuildFile; fileRef = 820EF29C239ED24C004A4BCD /* StartRecording.aiff */; };
		820EF29F239ED24C004A4BCD /* StopRecording.aiff in Resources */ = {isa = PBXBuildFile; fileRef = 820EF29D239ED24C004A4BCD /* StopRecording.aiff */; };
		86591D90224D049E0050816B /* SWRevealViewController.m in Sources */ = {isa = PBXBuildFile; fileRef = 86591D8F224D049E0050816B /* SWRevealViewController.m */; };
		951C05CA2178BE5500CD2998 /* SoundViewController.swift in Sources */ = {isa = PBXBuildFile; fileRef = 951C05C92178BE5500CD2998 /* SoundViewController.swift */; };
		95586027219B4BFA0079810E /* BeaconStackElementViewController.swift in Sources */ = {isa = PBXBuildFile; fileRef = 95586026219B4BFA0079810E /* BeaconStackElementViewController.swift */; };
		9582BE572167CF0300F4209E /* MainViewController.swift in Sources */ = {isa = PBXBuildFile; fileRef = 9582BE562167CF0300F4209E /* MainViewController.swift */; };
		95BBF1F22168232A00DDA9DB /* MusicViewController.swift in Sources */ = {isa = PBXBuildFile; fileRef = 95BBF1F12168232A00DDA9DB /* MusicViewController.swift */; };
		95BBF1F62168294C00DDA9DB /* GameSettingsViewController.swift in Sources */ = {isa = PBXBuildFile; fileRef = 95BBF1F52168294C00DDA9DB /* GameSettingsViewController.swift */; };
		95BBF1FA2168297600DDA9DB /* AudioViewController.swift in Sources */ = {isa = PBXBuildFile; fileRef = 95BBF1F92168297600DDA9DB /* AudioViewController.swift */; };
		95BBF1FE216F8A4F00DDA9DB /* MusicSegmentViewController.swift in Sources */ = {isa = PBXBuildFile; fileRef = 95BBF1FC216F8A4F00DDA9DB /* MusicSegmentViewController.swift */; };
		95BBF1FF216F8A4F00DDA9DB /* MusicSegmentViewController.xib in Resources */ = {isa = PBXBuildFile; fileRef = 95BBF1FD216F8A4F00DDA9DB /* MusicSegmentViewController.xib */; };
		95BBF202216F8A6800DDA9DB /* BeepSegmentViewController.swift in Sources */ = {isa = PBXBuildFile; fileRef = 95BBF200216F8A6800DDA9DB /* BeepSegmentViewController.swift */; };
		95BBF203216F8A6800DDA9DB /* BeepSegmentViewController.xib in Resources */ = {isa = PBXBuildFile; fileRef = 95BBF201216F8A6800DDA9DB /* BeepSegmentViewController.xib */; };
		9815A7B1211B3E3F00A2223F /* CoreLocation.framework in Frameworks */ = {isa = PBXBuildFile; fileRef = 9815A7B0211B3E3F00A2223F /* CoreLocation.framework */; };
		98182389211A30EF006A28F7 /* BeaconTableViewCell.swift in Sources */ = {isa = PBXBuildFile; fileRef = 98182388211A30EF006A28F7 /* BeaconTableViewCell.swift */; };
		981823A3211A3894006A28F7 /* White.jpg in Resources */ = {isa = PBXBuildFile; fileRef = 9818239D211A3894006A28F7 /* White.jpg */; };
		9822A1C82CDA9AD800CFFD13 /* GoogleService-Info.plist in Resources */ = {isa = PBXBuildFile; fileRef = 9822A1C72CDA9AD800CFFD13 /* GoogleService-Info.plist */; };
		9822A1CB2CDAA4C900CFFD13 /* FirebaseAnalytics in Frameworks */ = {isa = PBXBuildFile; productRef = 9822A1CA2CDAA4C900CFFD13 /* FirebaseAnalytics */; };
		9822A1CD2CDAA7AB00CFFD13 /* FirebaseManager.swift in Sources */ = {isa = PBXBuildFile; fileRef = 9822A1CC2CDAA7A500CFFD13 /* FirebaseManager.swift */; };
		9822A1CF2CDAA8C000CFFD13 /* FirebaseFirestore in Frameworks */ = {isa = PBXBuildFile; productRef = 9822A1CE2CDAA8C000CFFD13 /* FirebaseFirestore */; };
		9822A1D12CE3CD6700CFFD13 /* AuthManager.swift in Sources */ = {isa = PBXBuildFile; fileRef = 9822A1D02CE3CD6000CFFD13 /* AuthManager.swift */; };
		9822A1D32CE3CDE900CFFD13 /* FirebaseAuth in Frameworks */ = {isa = PBXBuildFile; productRef = 9822A1D22CE3CDE900CFFD13 /* FirebaseAuth */; };
		9822A1D52CE3CE1C00CFFD13 /* FirebaseAuth in Frameworks */ = {isa = PBXBuildFile; productRef = 9822A1D42CE3CE1C00CFFD13 /* FirebaseAuth */; };
		988C9CA52D0539E50063C601 /* SweepDataManager.swift in Sources */ = {isa = PBXBuildFile; fileRef = 988C9CA42D0539DD0063C601 /* SweepDataManager.swift */; };
		98A02ACD2CEE3BFE00BEA33D /* SensorManagerView.swift in Sources */ = {isa = PBXBuildFile; fileRef = 98A02ACC2CEE3BFD00BEA33D /* SensorManagerView.swift */; };
		98B8DB922112359A00BEB719 /* MobileCoreServices.framework in Frameworks */ = {isa = PBXBuildFile; fileRef = 4959A5B32111F811006193E6 /* MobileCoreServices.framework */; };
		98B8DBBB211340CA00BEB719 /* MediaToolbox.framework in Frameworks */ = {isa = PBXBuildFile; fileRef = 98B8DBBA211340CA00BEB719 /* MediaToolbox.framework */; };
		98C4ADDC2CED794F00CE98FA /* SensorDriver.swift in Sources */ = {isa = PBXBuildFile; fileRef = 98C4ADDB2CED794F00CE98FA /* SensorDriver.swift */; };
		98D44AE5211A2D8300E11840 /* BeaconViewController.swift in Sources */ = {isa = PBXBuildFile; fileRef = 98D44AE4211A2D8300E11840 /* BeaconViewController.swift */; };
		98EBC691211C843500340583 /* LocationPopUpViewController.swift in Sources */ = {isa = PBXBuildFile; fileRef = 98EBC690211C843500340583 /* LocationPopUpViewController.swift */; };
		AD6C6EF0210267B700E9D840 /* AppDelegate.swift in Sources */ = {isa = PBXBuildFile; fileRef = AD6C6EEF210267B700E9D840 /* AppDelegate.swift */; };
		AD6C6EF5210267B700E9D840 /* Main.storyboard in Resources */ = {isa = PBXBuildFile; fileRef = AD6C6EF3210267B700E9D840 /* Main.storyboard */; };
		AD6C6EF7210267B800E9D840 /* Assets.xcassets in Resources */ = {isa = PBXBuildFile; fileRef = AD6C6EF6210267B800E9D840 /* Assets.xcassets */; };
		AD6C6EFA210267B800E9D840 /* LaunchScreen.storyboard in Resources */ = {isa = PBXBuildFile; fileRef = AD6C6EF8210267B800E9D840 /* LaunchScreen.storyboard */; };
		AD6C6F03210267C600E9D840 /* CoreBluetooth.framework in Frameworks */ = {isa = PBXBuildFile; fileRef = AD6C6F02210267C600E9D840 /* CoreBluetooth.framework */; };
		AD6C6F05210267CB00E9D840 /* AVFoundation.framework in Frameworks */ = {isa = PBXBuildFile; fileRef = AD6C6F04210267CB00E9D840 /* AVFoundation.framework */; };
		E5220F4E2256634E004AE171 /* DBInterface.swift in Sources */ = {isa = PBXBuildFile; fileRef = E5220F4D2256634E004AE171 /* DBInterface.swift */; };
		E5C038042268D0BD00373275 /* SensorManager.swift in Sources */ = {isa = PBXBuildFile; fileRef = E5C038032268D0BD00373275 /* SensorManager.swift */; };
/* End PBXBuildFile section */

/* Begin PBXFileReference section */
		4959A5B12111EFF1006193E6 /* MediaPlayer.framework */ = {isa = PBXFileReference; lastKnownFileType = wrapper.framework; name = MediaPlayer.framework; path = System/Library/Frameworks/MediaPlayer.framework; sourceTree = SDKROOT; };
		4959A5B32111F811006193E6 /* MobileCoreServices.framework */ = {isa = PBXFileReference; lastKnownFileType = wrapper.framework; name = MobileCoreServices.framework; path = System/Library/Frameworks/MobileCoreServices.framework; sourceTree = SDKROOT; };
		820EF292239EBA7D004A4BCD /* RecordButtonKit.swift */ = {isa = PBXFileReference; fileEncoding = 4; lastKnownFileType = sourcecode.swift; path = RecordButtonKit.swift; sourceTree = "<group>"; };
		820EF293239EBA7D004A4BCD /* AudioVisualizerView.swift */ = {isa = PBXFileReference; fileEncoding = 4; lastKnownFileType = sourcecode.swift; path = AudioVisualizerView.swift; sourceTree = "<group>"; };
		820EF294239EBA7D004A4BCD /* RecorderViewController.swift */ = {isa = PBXFileReference; fileEncoding = 4; lastKnownFileType = sourcecode.swift; path = RecorderViewController.swift; sourceTree = "<group>"; };
		820EF295239EBA7D004A4BCD /* RecordButton.swift */ = {isa = PBXFileReference; fileEncoding = 4; lastKnownFileType = sourcecode.swift; path = RecordButton.swift; sourceTree = "<group>"; };
		820EF29B239ED24C004A4BCD /* SettingsTableViewController.h */ = {isa = PBXFileReference; fileEncoding = 4; lastKnownFileType = sourcecode.c.h; path = SettingsTableViewController.h; sourceTree = "<group>"; };
		820EF29C239ED24C004A4BCD /* StartRecording.aiff */ = {isa = PBXFileReference; lastKnownFileType = audio.aiff; path = StartRecording.aiff; sourceTree = "<group>"; };
		820EF29D239ED24C004A4BCD /* StopRecording.aiff */ = {isa = PBXFileReference; lastKnownFileType = audio.aiff; path = StopRecording.aiff; sourceTree = "<group>"; };
		86591D8E224D049E0050816B /* SWRevealViewController.h */ = {isa = PBXFileReference; fileEncoding = 4; lastKnownFileType = sourcecode.c.h; name = SWRevealViewController.h; path = ViewControllers/SWRevealViewController.h; sourceTree = "<group>"; };
		86591D8F224D049E0050816B /* SWRevealViewController.m */ = {isa = PBXFileReference; fileEncoding = 4; lastKnownFileType = sourcecode.c.objc; name = SWRevealViewController.m; path = ViewControllers/SWRevealViewController.m; sourceTree = "<group>"; };
		951C05C92178BE5500CD2998 /* SoundViewController.swift */ = {isa = PBXFileReference; fileEncoding = 4; lastKnownFileType = sourcecode.swift; path = SoundViewController.swift; sourceTree = "<group>"; };
		95586026219B4BFA0079810E /* BeaconStackElementViewController.swift */ = {isa = PBXFileReference; lastKnownFileType = sourcecode.swift; path = BeaconStackElementViewController.swift; sourceTree = "<group>"; };
		9582BE522167CC1D00F4209E /* MusicalCaneGame-Bridging-Header.h */ = {isa = PBXFileReference; lastKnownFileType = sourcecode.c.h; path = "MusicalCaneGame-Bridging-Header.h"; sourceTree = "<group>"; };
		9582BE562167CF0300F4209E /* MainViewController.swift */ = {isa = PBXFileReference; lastKnownFileType = sourcecode.swift; path = MainViewController.swift; sourceTree = "<group>"; };
		95BBF1F12168232A00DDA9DB /* MusicViewController.swift */ = {isa = PBXFileReference; lastKnownFileType = sourcecode.swift; path = MusicViewController.swift; sourceTree = "<group>"; };
		95BBF1F52168294C00DDA9DB /* GameSettingsViewController.swift */ = {isa = PBXFileReference; lastKnownFileType = sourcecode.swift; path = GameSettingsViewController.swift; sourceTree = "<group>"; };
		95BBF1F92168297600DDA9DB /* AudioViewController.swift */ = {isa = PBXFileReference; lastKnownFileType = sourcecode.swift; path = AudioViewController.swift; sourceTree = "<group>"; };
		95BBF1FC216F8A4F00DDA9DB /* MusicSegmentViewController.swift */ = {isa = PBXFileReference; lastKnownFileType = sourcecode.swift; path = MusicSegmentViewController.swift; sourceTree = "<group>"; };
		95BBF1FD216F8A4F00DDA9DB /* MusicSegmentViewController.xib */ = {isa = PBXFileReference; lastKnownFileType = file.xib; path = MusicSegmentViewController.xib; sourceTree = "<group>"; };
		95BBF200216F8A6800DDA9DB /* BeepSegmentViewController.swift */ = {isa = PBXFileReference; lastKnownFileType = sourcecode.swift; path = BeepSegmentViewController.swift; sourceTree = "<group>"; };
		95BBF201216F8A6800DDA9DB /* BeepSegmentViewController.xib */ = {isa = PBXFileReference; lastKnownFileType = file.xib; path = BeepSegmentViewController.xib; sourceTree = "<group>"; };
		9815A7B0211B3E3F00A2223F /* CoreLocation.framework */ = {isa = PBXFileReference; lastKnownFileType = wrapper.framework; name = CoreLocation.framework; path = System/Library/Frameworks/CoreLocation.framework; sourceTree = SDKROOT; };
		98182388211A30EF006A28F7 /* BeaconTableViewCell.swift */ = {isa = PBXFileReference; lastKnownFileType = sourcecode.swift; path = BeaconTableViewCell.swift; sourceTree = "<group>"; };
		9818239D211A3894006A28F7 /* White.jpg */ = {isa = PBXFileReference; lastKnownFileType = image.jpeg; path = White.jpg; sourceTree = "<group>"; };
		9822A1C72CDA9AD800CFFD13 /* GoogleService-Info.plist */ = {isa = PBXFileReference; lastKnownFileType = text.plist.xml; path = "GoogleService-Info.plist"; sourceTree = "<group>"; };
		9822A1CC2CDAA7A500CFFD13 /* FirebaseManager.swift */ = {isa = PBXFileReference; lastKnownFileType = sourcecode.swift; path = FirebaseManager.swift; sourceTree = "<group>"; };
		9822A1D02CE3CD6000CFFD13 /* AuthManager.swift */ = {isa = PBXFileReference; lastKnownFileType = sourcecode.swift; path = AuthManager.swift; sourceTree = "<group>"; };
		9822A1D62CE3E8DE00CFFD13 /* MusicalCaneGame.entitlements */ = {isa = PBXFileReference; lastKnownFileType = text.plist.entitlements; path = MusicalCaneGame.entitlements; sourceTree = "<group>"; };
		988C9CA42D0539DD0063C601 /* SweepDataManager.swift */ = {isa = PBXFileReference; lastKnownFileType = sourcecode.swift; path = SweepDataManager.swift; sourceTree = "<group>"; };
		98A02ACC2CEE3BFD00BEA33D /* SensorManagerView.swift */ = {isa = PBXFileReference; lastKnownFileType = sourcecode.swift; path = SensorManagerView.swift; sourceTree = "<group>"; };
		98B8DBBA211340CA00BEB719 /* MediaToolbox.framework */ = {isa = PBXFileReference; lastKnownFileType = wrapper.framework; name = MediaToolbox.framework; path = System/Library/Frameworks/MediaToolbox.framework; sourceTree = SDKROOT; };
		98C4ADDB2CED794F00CE98FA /* SensorDriver.swift */ = {isa = PBXFileReference; lastKnownFileType = sourcecode.swift; path = SensorDriver.swift; sourceTree = "<group>"; };
		98D44AE4211A2D8300E11840 /* BeaconViewController.swift */ = {isa = PBXFileReference; lastKnownFileType = sourcecode.swift; path = BeaconViewController.swift; sourceTree = "<group>"; };
		98EBC690211C843500340583 /* LocationPopUpViewController.swift */ = {isa = PBXFileReference; lastKnownFileType = sourcecode.swift; path = LocationPopUpViewController.swift; sourceTree = "<group>"; };
		9E2567276E4C1DEE283C0234 /* Pods-MusicalCaneGame.debug.xcconfig */ = {isa = PBXFileReference; includeInIndex = 1; lastKnownFileType = text.xcconfig; name = "Pods-MusicalCaneGame.debug.xcconfig"; path = "Target Support Files/Pods-MusicalCaneGame/Pods-MusicalCaneGame.debug.xcconfig"; sourceTree = "<group>"; };
		AD6C6EEC210267B700E9D840 /* MusicalCaneGame.app */ = {isa = PBXFileReference; explicitFileType = wrapper.application; includeInIndex = 0; path = MusicalCaneGame.app; sourceTree = BUILT_PRODUCTS_DIR; };
		AD6C6EEF210267B700E9D840 /* AppDelegate.swift */ = {isa = PBXFileReference; lastKnownFileType = sourcecode.swift; path = AppDelegate.swift; sourceTree = "<group>"; };
		AD6C6EF4210267B700E9D840 /* Base */ = {isa = PBXFileReference; lastKnownFileType = file.storyboard; name = Base; path = Base.lproj/Main.storyboard; sourceTree = "<group>"; };
		AD6C6EF6210267B800E9D840 /* Assets.xcassets */ = {isa = PBXFileReference; lastKnownFileType = folder.assetcatalog; path = Assets.xcassets; sourceTree = "<group>"; };
		AD6C6EF9210267B800E9D840 /* Base */ = {isa = PBXFileReference; lastKnownFileType = file.storyboard; name = Base; path = Base.lproj/LaunchScreen.storyboard; sourceTree = "<group>"; };
		AD6C6EFB210267B800E9D840 /* Info.plist */ = {isa = PBXFileReference; lastKnownFileType = text.plist.xml; path = Info.plist; sourceTree = "<group>"; };
		AD6C6F02210267C600E9D840 /* CoreBluetooth.framework */ = {isa = PBXFileReference; lastKnownFileType = wrapper.framework; name = CoreBluetooth.framework; path = System/Library/Frameworks/CoreBluetooth.framework; sourceTree = SDKROOT; };
		AD6C6F04210267CB00E9D840 /* AVFoundation.framework */ = {isa = PBXFileReference; lastKnownFileType = wrapper.framework; name = AVFoundation.framework; path = System/Library/Frameworks/AVFoundation.framework; sourceTree = SDKROOT; };
		DE99E1F1C532771B0712C418 /* Pods_MusicalCaneGame.framework */ = {isa = PBXFileReference; explicitFileType = wrapper.framework; includeInIndex = 0; path = Pods_MusicalCaneGame.framework; sourceTree = BUILT_PRODUCTS_DIR; };
		E5220F4D2256634E004AE171 /* DBInterface.swift */ = {isa = PBXFileReference; lastKnownFileType = sourcecode.swift; path = DBInterface.swift; sourceTree = "<group>"; };
		E5C038032268D0BD00373275 /* SensorManager.swift */ = {isa = PBXFileReference; lastKnownFileType = sourcecode.swift; path = SensorManager.swift; sourceTree = "<group>"; };
		F3AA5D150EA52EB2389E4668 /* Pods-MusicalCaneGame.release.xcconfig */ = {isa = PBXFileReference; includeInIndex = 1; lastKnownFileType = text.xcconfig; name = "Pods-MusicalCaneGame.release.xcconfig"; path = "Target Support Files/Pods-MusicalCaneGame/Pods-MusicalCaneGame.release.xcconfig"; sourceTree = "<group>"; };
/* End PBXFileReference section */

/* Begin PBXFrameworksBuildPhase section */
		AD6C6EE9210267B700E9D840 /* Frameworks */ = {
			isa = PBXFrameworksBuildPhase;
			buildActionMask = 2147483647;
			files = (
				9815A7B1211B3E3F00A2223F /* CoreLocation.framework in Frameworks */,
				9822A1D32CE3CDE900CFFD13 /* FirebaseAuth in Frameworks */,
				98B8DBBB211340CA00BEB719 /* MediaToolbox.framework in Frameworks */,
				9822A1CB2CDAA4C900CFFD13 /* FirebaseAnalytics in Frameworks */,
				98B8DB922112359A00BEB719 /* MobileCoreServices.framework in Frameworks */,
				4959A5B52111F945006193E6 /* MediaPlayer.framework in Frameworks */,
				9822A1CF2CDAA8C000CFFD13 /* FirebaseFirestore in Frameworks */,
				9822A1D52CE3CE1C00CFFD13 /* FirebaseAuth in Frameworks */,
				AD6C6F05210267CB00E9D840 /* AVFoundation.framework in Frameworks */,
				AD6C6F03210267C600E9D840 /* CoreBluetooth.framework in Frameworks */,
				57C85F49830BFA7051E7EE1A /* Pods_MusicalCaneGame.framework in Frameworks */,
			);
			runOnlyForDeploymentPostprocessing = 0;
		};
/* End PBXFrameworksBuildPhase section */

/* Begin PBXGroup section */
		2CF1A8CA480D094482360B28 /* Pods */ = {
			isa = PBXGroup;
			children = (
				9E2567276E4C1DEE283C0234 /* Pods-MusicalCaneGame.debug.xcconfig */,
				F3AA5D150EA52EB2389E4668 /* Pods-MusicalCaneGame.release.xcconfig */,
			);
			path = Pods;
			sourceTree = "<group>";
		};
		820EF291239EBA7D004A4BCD /* Voice Notes */ = {
			isa = PBXGroup;
			children = (
				820EF292239EBA7D004A4BCD /* RecordButtonKit.swift */,
				820EF293239EBA7D004A4BCD /* AudioVisualizerView.swift */,
				820EF294239EBA7D004A4BCD /* RecorderViewController.swift */,
				820EF295239EBA7D004A4BCD /* RecordButton.swift */,
			);
			path = "Voice Notes";
			sourceTree = "<group>";
		};
		820EF29A239ED24C004A4BCD /* Sound Effects */ = {
			isa = PBXGroup;
			children = (
				820EF29B239ED24C004A4BCD /* SettingsTableViewController.h */,
				820EF29C239ED24C004A4BCD /* StartRecording.aiff */,
				820EF29D239ED24C004A4BCD /* StopRecording.aiff */,
			);
			path = "Sound Effects";
			sourceTree = "<group>";
		};
		95BBF1FB216F8A0200DDA9DB /* ViewControllers */ = {
			isa = PBXGroup;
			children = (
				95BBF1FC216F8A4F00DDA9DB /* MusicSegmentViewController.swift */,
				95BBF1FD216F8A4F00DDA9DB /* MusicSegmentViewController.xib */,
				95BBF200216F8A6800DDA9DB /* BeepSegmentViewController.swift */,
				95BBF201216F8A6800DDA9DB /* BeepSegmentViewController.xib */,
			);
			path = ViewControllers;
			sourceTree = "<group>";
		};
		AD6C6EE3210267B700E9D840 = {
			isa = PBXGroup;
			children = (
				AD6C6EEE210267B700E9D840 /* MusicalCaneGame */,
				AD6C6EED210267B700E9D840 /* Products */,
				AD6C6F01210267C500E9D840 /* Frameworks */,
				2CF1A8CA480D094482360B28 /* Pods */,
			);
			sourceTree = "<group>";
		};
		AD6C6EED210267B700E9D840 /* Products */ = {
			isa = PBXGroup;
			children = (
				AD6C6EEC210267B700E9D840 /* MusicalCaneGame.app */,
			);
			name = Products;
			sourceTree = "<group>";
		};
		AD6C6EEE210267B700E9D840 /* MusicalCaneGame */ = {
			isa = PBXGroup;
			children = (
				988C9CA42D0539DD0063C601 /* SweepDataManager.swift */,
				9822A1D62CE3E8DE00CFFD13 /* MusicalCaneGame.entitlements */,
				9822A1D02CE3CD6000CFFD13 /* AuthManager.swift */,
				9822A1CC2CDAA7A500CFFD13 /* FirebaseManager.swift */,
				820EF29A239ED24C004A4BCD /* Sound Effects */,
				820EF291239EBA7D004A4BCD /* Voice Notes */,
				95BBF1FB216F8A0200DDA9DB /* ViewControllers */,
				9818239D211A3894006A28F7 /* White.jpg */,
				AD6C6EEF210267B700E9D840 /* AppDelegate.swift */,
				95BBF1F12168232A00DDA9DB /* MusicViewController.swift */,
				951C05C92178BE5500CD2998 /* SoundViewController.swift */,
				E5C038032268D0BD00373275 /* SensorManager.swift */,
				98C4ADDB2CED794F00CE98FA /* SensorDriver.swift */,
				98A02ACC2CEE3BFD00BEA33D /* SensorManagerView.swift */,
				98EBC690211C843500340583 /* LocationPopUpViewController.swift */,
				AD6C6EF3210267B700E9D840 /* Main.storyboard */,
				95586026219B4BFA0079810E /* BeaconStackElementViewController.swift */,
				95BBF1F52168294C00DDA9DB /* GameSettingsViewController.swift */,
				98D44AE4211A2D8300E11840 /* BeaconViewController.swift */,
				95BBF1F92168297600DDA9DB /* AudioViewController.swift */,
				9582BE562167CF0300F4209E /* MainViewController.swift */,
				98182388211A30EF006A28F7 /* BeaconTableViewCell.swift */,
				AD6C6EF6210267B800E9D840 /* Assets.xcassets */,
				AD6C6EF8210267B800E9D840 /* LaunchScreen.storyboard */,
				AD6C6EFB210267B800E9D840 /* Info.plist */,
				86591D8E224D049E0050816B /* SWRevealViewController.h */,
				86591D8F224D049E0050816B /* SWRevealViewController.m */,
				9582BE522167CC1D00F4209E /* MusicalCaneGame-Bridging-Header.h */,
				E5220F4D2256634E004AE171 /* DBInterface.swift */,
				9822A1C72CDA9AD800CFFD13 /* GoogleService-Info.plist */,
			);
			path = MusicalCaneGame;
			sourceTree = "<group>";
		};
		AD6C6F01210267C500E9D840 /* Frameworks */ = {
			isa = PBXGroup;
			children = (
				9815A7B0211B3E3F00A2223F /* CoreLocation.framework */,
				98B8DBBA211340CA00BEB719 /* MediaToolbox.framework */,
				4959A5B32111F811006193E6 /* MobileCoreServices.framework */,
				4959A5B12111EFF1006193E6 /* MediaPlayer.framework */,
				AD6C6F04210267CB00E9D840 /* AVFoundation.framework */,
				AD6C6F02210267C600E9D840 /* CoreBluetooth.framework */,
				DE99E1F1C532771B0712C418 /* Pods_MusicalCaneGame.framework */,
			);
			name = Frameworks;
			sourceTree = "<group>";
		};
/* End PBXGroup section */

/* Begin PBXNativeTarget section */
		AD6C6EEB210267B700E9D840 /* MusicalCaneGame */ = {
			isa = PBXNativeTarget;
			buildConfigurationList = AD6C6EFE210267B800E9D840 /* Build configuration list for PBXNativeTarget "MusicalCaneGame" */;
			buildPhases = (
				38555B9BAE2FF72B82751DD1 /* [CP] Check Pods Manifest.lock */,
				AD6C6EE8210267B700E9D840 /* Sources */,
				AD6C6EE9210267B700E9D840 /* Frameworks */,
				AD6C6EEA210267B700E9D840 /* Resources */,
				DE5955A1EDA5D61E8F41AD03 /* [CP] Embed Pods Frameworks */,
			);
			buildRules = (
			);
			dependencies = (
			);
			name = MusicalCaneGame;
			productName = MusicalCaneGame;
			productReference = AD6C6EEC210267B700E9D840 /* MusicalCaneGame.app */;
			productType = "com.apple.product-type.application";
		};
/* End PBXNativeTarget section */

/* Begin PBXProject section */
		AD6C6EE4210267B700E9D840 /* Project object */ = {
			isa = PBXProject;
			attributes = {
				LastSwiftUpdateCheck = 0940;
				LastUpgradeCheck = 0940;
				ORGANIZATIONNAME = occamlab;
				TargetAttributes = {
					AD6C6EEB210267B700E9D840 = {
						CreatedOnToolsVersion = 9.4.1;
						LastSwiftMigration = 0940;
						SystemCapabilities = {
							com.apple.BackgroundModes = {
								enabled = 1;
							};
							com.apple.InterAppAudio = {
								enabled = 0;
							};
						};
					};
				};
			};
			buildConfigurationList = AD6C6EE7210267B700E9D840 /* Build configuration list for PBXProject "MusicalCaneGame" */;
			compatibilityVersion = "Xcode 9.3";
			developmentRegion = en;
			hasScannedForEncodings = 0;
			knownRegions = (
				en,
				Base,
			);
			mainGroup = AD6C6EE3210267B700E9D840;
			packageReferences = (
				9822A1C92CDAA4C900CFFD13 /* XCRemoteSwiftPackageReference "firebase-ios-sdk" */,
			);
			productRefGroup = AD6C6EED210267B700E9D840 /* Products */;
			projectDirPath = "";
			projectRoot = "";
			targets = (
				AD6C6EEB210267B700E9D840 /* MusicalCaneGame */,
			);
		};
/* End PBXProject section */

/* Begin PBXResourcesBuildPhase section */
		AD6C6EEA210267B700E9D840 /* Resources */ = {
			isa = PBXResourcesBuildPhase;
			buildActionMask = 2147483647;
			files = (
				95BBF1FF216F8A4F00DDA9DB /* MusicSegmentViewController.xib in Resources */,
				AD6C6EFA210267B800E9D840 /* LaunchScreen.storyboard in Resources */,
				9822A1C82CDA9AD800CFFD13 /* GoogleService-Info.plist in Resources */,
				820EF29F239ED24C004A4BCD /* StopRecording.aiff in Resources */,
				981823A3211A3894006A28F7 /* White.jpg in Resources */,
				AD6C6EF7210267B800E9D840 /* Assets.xcassets in Resources */,
				820EF29E239ED24C004A4BCD /* StartRecording.aiff in Resources */,
				95BBF203216F8A6800DDA9DB /* BeepSegmentViewController.xib in Resources */,
				AD6C6EF5210267B700E9D840 /* Main.storyboard in Resources */,
			);
			runOnlyForDeploymentPostprocessing = 0;
		};
/* End PBXResourcesBuildPhase section */

/* Begin PBXShellScriptBuildPhase section */
		38555B9BAE2FF72B82751DD1 /* [CP] Check Pods Manifest.lock */ = {
			isa = PBXShellScriptBuildPhase;
			buildActionMask = 2147483647;
			files = (
			);
			inputFileListPaths = (
			);
			inputPaths = (
				"${PODS_PODFILE_DIR_PATH}/Podfile.lock",
				"${PODS_ROOT}/Manifest.lock",
			);
			name = "[CP] Check Pods Manifest.lock";
			outputFileListPaths = (
			);
			outputPaths = (
				"$(DERIVED_FILE_DIR)/Pods-MusicalCaneGame-checkManifestLockResult.txt",
			);
			runOnlyForDeploymentPostprocessing = 0;
			shellPath = /bin/sh;
			shellScript = "diff \"${PODS_PODFILE_DIR_PATH}/Podfile.lock\" \"${PODS_ROOT}/Manifest.lock\" > /dev/null\nif [ $? != 0 ] ; then\n    # print error to STDERR\n    echo \"error: The sandbox is not in sync with the Podfile.lock. Run 'pod install' or update your CocoaPods installation.\" >&2\n    exit 1\nfi\n# This output is used by Xcode 'outputs' to avoid re-running this script phase.\necho \"SUCCESS\" > \"${SCRIPT_OUTPUT_FILE_0}\"\n";
			showEnvVarsInLog = 0;
		};
		DE5955A1EDA5D61E8F41AD03 /* [CP] Embed Pods Frameworks */ = {
			isa = PBXShellScriptBuildPhase;
			buildActionMask = 2147483647;
			files = (
			);
			inputFileListPaths = (
				"${PODS_ROOT}/Target Support Files/Pods-MusicalCaneGame/Pods-MusicalCaneGame-frameworks-${CONFIGURATION}-input-files.xcfilelist",
			);
			name = "[CP] Embed Pods Frameworks";
			outputFileListPaths = (
				"${PODS_ROOT}/Target Support Files/Pods-MusicalCaneGame/Pods-MusicalCaneGame-frameworks-${CONFIGURATION}-output-files.xcfilelist",
			);
			runOnlyForDeploymentPostprocessing = 0;
			shellPath = /bin/sh;
			shellScript = "\"${PODS_ROOT}/Target Support Files/Pods-MusicalCaneGame/Pods-MusicalCaneGame-frameworks.sh\"\n";
			showEnvVarsInLog = 0;
		};
/* End PBXShellScriptBuildPhase section */

/* Begin PBXSourcesBuildPhase section */
		AD6C6EE8210267B700E9D840 /* Sources */ = {
			isa = PBXSourcesBuildPhase;
			buildActionMask = 2147483647;
			files = (
				820EF297239EBA7D004A4BCD /* AudioVisualizerView.swift in Sources */,
				9822A1D12CE3CD6700CFFD13 /* AuthManager.swift in Sources */,
				98D44AE5211A2D8300E11840 /* BeaconViewController.swift in Sources */,
				86591D90224D049E0050816B /* SWRevealViewController.m in Sources */,
				E5220F4E2256634E004AE171 /* DBInterface.swift in Sources */,
				95BBF1FE216F8A4F00DDA9DB /* MusicSegmentViewController.swift in Sources */,
				820EF296239EBA7D004A4BCD /* RecordButtonKit.swift in Sources */,
				95BBF1F62168294C00DDA9DB /* GameSettingsViewController.swift in Sources */,
				820EF298239EBA7D004A4BCD /* RecorderViewController.swift in Sources */,
				98EBC691211C843500340583 /* LocationPopUpViewController.swift in Sources */,
				988C9CA52D0539E50063C601 /* SweepDataManager.swift in Sources */,
				95BBF1FA2168297600DDA9DB /* AudioViewController.swift in Sources */,
				95BBF202216F8A6800DDA9DB /* BeepSegmentViewController.swift in Sources */,
				98C4ADDC2CED794F00CE98FA /* SensorDriver.swift in Sources */,
				98A02ACD2CEE3BFE00BEA33D /* SensorManagerView.swift in Sources */,
				95BBF1F22168232A00DDA9DB /* MusicViewController.swift in Sources */,
				9822A1CD2CDAA7AB00CFFD13 /* FirebaseManager.swift in Sources */,
				951C05CA2178BE5500CD2998 /* SoundViewController.swift in Sources */,
				E5C038042268D0BD00373275 /* SensorManager.swift in Sources */,
				9582BE572167CF0300F4209E /* MainViewController.swift in Sources */,
				820EF299239EBA7D004A4BCD /* RecordButton.swift in Sources */,
				95586027219B4BFA0079810E /* BeaconStackElementViewController.swift in Sources */,
				98182389211A30EF006A28F7 /* BeaconTableViewCell.swift in Sources */,
				AD6C6EF0210267B700E9D840 /* AppDelegate.swift in Sources */,
			);
			runOnlyForDeploymentPostprocessing = 0;
		};
/* End PBXSourcesBuildPhase section */

/* Begin PBXVariantGroup section */
		AD6C6EF3210267B700E9D840 /* Main.storyboard */ = {
			isa = PBXVariantGroup;
			children = (
				AD6C6EF4210267B700E9D840 /* Base */,
			);
			name = Main.storyboard;
			sourceTree = "<group>";
		};
		AD6C6EF8210267B800E9D840 /* LaunchScreen.storyboard */ = {
			isa = PBXVariantGroup;
			children = (
				AD6C6EF9210267B800E9D840 /* Base */,
			);
			name = LaunchScreen.storyboard;
			sourceTree = "<group>";
		};
/* End PBXVariantGroup section */

/* Begin XCBuildConfiguration section */
		AD6C6EFC210267B800E9D840 /* Debug */ = {
			isa = XCBuildConfiguration;
			buildSettings = {
				ALWAYS_SEARCH_USER_PATHS = NO;
				CLANG_ANALYZER_NONNULL = YES;
				CLANG_ANALYZER_NUMBER_OBJECT_CONVERSION = YES_AGGRESSIVE;
				CLANG_CXX_LANGUAGE_STANDARD = "gnu++14";
				CLANG_CXX_LIBRARY = "libc++";
				CLANG_ENABLE_MODULES = YES;
				CLANG_ENABLE_OBJC_ARC = YES;
				CLANG_ENABLE_OBJC_WEAK = YES;
				CLANG_WARN_BLOCK_CAPTURE_AUTORELEASING = YES;
				CLANG_WARN_BOOL_CONVERSION = YES;
				CLANG_WARN_COMMA = YES;
				CLANG_WARN_CONSTANT_CONVERSION = YES;
				CLANG_WARN_DEPRECATED_OBJC_IMPLEMENTATIONS = YES;
				CLANG_WARN_DIRECT_OBJC_ISA_USAGE = YES_ERROR;
				CLANG_WARN_DOCUMENTATION_COMMENTS = YES;
				CLANG_WARN_EMPTY_BODY = YES;
				CLANG_WARN_ENUM_CONVERSION = YES;
				CLANG_WARN_INFINITE_RECURSION = YES;
				CLANG_WARN_INT_CONVERSION = YES;
				CLANG_WARN_NON_LITERAL_NULL_CONVERSION = YES;
				CLANG_WARN_OBJC_IMPLICIT_RETAIN_SELF = YES;
				CLANG_WARN_OBJC_LITERAL_CONVERSION = YES;
				CLANG_WARN_OBJC_ROOT_CLASS = YES_ERROR;
				CLANG_WARN_RANGE_LOOP_ANALYSIS = YES;
				CLANG_WARN_STRICT_PROTOTYPES = YES;
				CLANG_WARN_SUSPICIOUS_MOVE = YES;
				CLANG_WARN_UNGUARDED_AVAILABILITY = YES_AGGRESSIVE;
				CLANG_WARN_UNREACHABLE_CODE = YES;
				CLANG_WARN__DUPLICATE_METHOD_MATCH = YES;
				CODE_SIGN_IDENTITY = "iPhone Developer";
				COPY_PHASE_STRIP = NO;
				DEBUG_ACITIVY_MODE = "";
				"DEBUG_ACITIVY_MODE[sdk=iphonesimulator*]" = defalut;
				DEBUG_INFORMATION_FORMAT = dwarf;
				ENABLE_STRICT_OBJC_MSGSEND = YES;
				ENABLE_TESTABILITY = YES;
				GCC_C_LANGUAGE_STANDARD = gnu11;
				GCC_DYNAMIC_NO_PIC = NO;
				GCC_NO_COMMON_BLOCKS = YES;
				GCC_OPTIMIZATION_LEVEL = 0;
				GCC_PREPROCESSOR_DEFINITIONS = (
					"DEBUG=1",
					"$(inherited)",
				);
				GCC_WARN_64_TO_32_BIT_CONVERSION = YES;
				GCC_WARN_ABOUT_RETURN_TYPE = YES_ERROR;
				GCC_WARN_UNDECLARED_SELECTOR = YES;
				GCC_WARN_UNINITIALIZED_AUTOS = YES_AGGRESSIVE;
				GCC_WARN_UNUSED_FUNCTION = YES;
				GCC_WARN_UNUSED_VARIABLE = YES;
				IPHONEOS_DEPLOYMENT_TARGET = 11.4;
				MTL_ENABLE_DEBUG_INFO = YES;
				ONLY_ACTIVE_ARCH = YES;
				SDKROOT = iphoneos;
				SWIFT_ACTIVE_COMPILATION_CONDITIONS = DEBUG;
				SWIFT_OPTIMIZATION_LEVEL = "-Onone";
			};
			name = Debug;
		};
		AD6C6EFD210267B800E9D840 /* Release */ = {
			isa = XCBuildConfiguration;
			buildSettings = {
				ALWAYS_SEARCH_USER_PATHS = NO;
				CLANG_ANALYZER_NONNULL = YES;
				CLANG_ANALYZER_NUMBER_OBJECT_CONVERSION = YES_AGGRESSIVE;
				CLANG_CXX_LANGUAGE_STANDARD = "gnu++14";
				CLANG_CXX_LIBRARY = "libc++";
				CLANG_ENABLE_MODULES = YES;
				CLANG_ENABLE_OBJC_ARC = YES;
				CLANG_ENABLE_OBJC_WEAK = YES;
				CLANG_WARN_BLOCK_CAPTURE_AUTORELEASING = YES;
				CLANG_WARN_BOOL_CONVERSION = YES;
				CLANG_WARN_COMMA = YES;
				CLANG_WARN_CONSTANT_CONVERSION = YES;
				CLANG_WARN_DEPRECATED_OBJC_IMPLEMENTATIONS = YES;
				CLANG_WARN_DIRECT_OBJC_ISA_USAGE = YES_ERROR;
				CLANG_WARN_DOCUMENTATION_COMMENTS = YES;
				CLANG_WARN_EMPTY_BODY = YES;
				CLANG_WARN_ENUM_CONVERSION = YES;
				CLANG_WARN_INFINITE_RECURSION = YES;
				CLANG_WARN_INT_CONVERSION = YES;
				CLANG_WARN_NON_LITERAL_NULL_CONVERSION = YES;
				CLANG_WARN_OBJC_IMPLICIT_RETAIN_SELF = YES;
				CLANG_WARN_OBJC_LITERAL_CONVERSION = YES;
				CLANG_WARN_OBJC_ROOT_CLASS = YES_ERROR;
				CLANG_WARN_RANGE_LOOP_ANALYSIS = YES;
				CLANG_WARN_STRICT_PROTOTYPES = YES;
				CLANG_WARN_SUSPICIOUS_MOVE = YES;
				CLANG_WARN_UNGUARDED_AVAILABILITY = YES_AGGRESSIVE;
				CLANG_WARN_UNREACHABLE_CODE = YES;
				CLANG_WARN__DUPLICATE_METHOD_MATCH = YES;
				CODE_SIGN_IDENTITY = "iPhone Developer";
				COPY_PHASE_STRIP = NO;
				DEBUG_INFORMATION_FORMAT = "dwarf-with-dsym";
				ENABLE_NS_ASSERTIONS = NO;
				ENABLE_STRICT_OBJC_MSGSEND = YES;
				GCC_C_LANGUAGE_STANDARD = gnu11;
				GCC_NO_COMMON_BLOCKS = YES;
				GCC_WARN_64_TO_32_BIT_CONVERSION = YES;
				GCC_WARN_ABOUT_RETURN_TYPE = YES_ERROR;
				GCC_WARN_UNDECLARED_SELECTOR = YES;
				GCC_WARN_UNINITIALIZED_AUTOS = YES_AGGRESSIVE;
				GCC_WARN_UNUSED_FUNCTION = YES;
				GCC_WARN_UNUSED_VARIABLE = YES;
				IPHONEOS_DEPLOYMENT_TARGET = 11.4;
				MTL_ENABLE_DEBUG_INFO = NO;
				SDKROOT = iphoneos;
				SWIFT_COMPILATION_MODE = wholemodule;
				SWIFT_OPTIMIZATION_LEVEL = "-O";
				VALIDATE_PRODUCT = YES;
			};
			name = Release;
		};
		AD6C6EFF210267B800E9D840 /* Debug */ = {
			isa = XCBuildConfiguration;
			baseConfigurationReference = 9E2567276E4C1DEE283C0234 /* Pods-MusicalCaneGame.debug.xcconfig */;
			buildSettings = {
				ASSETCATALOG_COMPILER_APPICON_NAME = AppIcon;
				CLANG_ENABLE_MODULES = YES;
				CODE_SIGN_ENTITLEMENTS = MusicalCaneGame/MusicalCaneGame.entitlements;
				CODE_SIGN_STYLE = Automatic;
				CURRENT_PROJECT_VERSION = 30;
				DEVELOPMENT_TEAM = 787TUDMR8Q;
				INFOPLIST_FILE = MusicalCaneGame/Info.plist;
				IPHONEOS_DEPLOYMENT_TARGET = 17.6;
				LD_RUNPATH_SEARCH_PATHS = (
					"$(inherited)",
					"@executable_path/Frameworks",
				);
				PRODUCT_BUNDLE_IDENTIFIER = com.occamlab.MusicalCaneGame;
				PRODUCT_NAME = "$(TARGET_NAME)";
				SWIFT_OBJC_BRIDGING_HEADER = "MusicalCaneGame/MusicalCaneGame-Bridging-Header.h";
				SWIFT_OPTIMIZATION_LEVEL = "-Onone";
				SWIFT_VERSION = 4.0;
				TARGETED_DEVICE_FAMILY = "1,2";
			};
			name = Debug;
		};
		AD6C6F00210267B800E9D840 /* Release */ = {
			isa = XCBuildConfiguration;
			baseConfigurationReference = F3AA5D150EA52EB2389E4668 /* Pods-MusicalCaneGame.release.xcconfig */;
			buildSettings = {
				ASSETCATALOG_COMPILER_APPICON_NAME = AppIcon;
				CLANG_ENABLE_MODULES = YES;
				CODE_SIGN_ENTITLEMENTS = MusicalCaneGame/MusicalCaneGame.entitlements;
				CODE_SIGN_STYLE = Automatic;
				CURRENT_PROJECT_VERSION = 30;
				DEVELOPMENT_TEAM = 787TUDMR8Q;
				INFOPLIST_FILE = MusicalCaneGame/Info.plist;
				IPHONEOS_DEPLOYMENT_TARGET = 17.6;
				LD_RUNPATH_SEARCH_PATHS = (
					"$(inherited)",
					"@executable_path/Frameworks",
				);
				PRODUCT_BUNDLE_IDENTIFIER = com.occamlab.MusicalCaneGame;
				PRODUCT_NAME = "$(TARGET_NAME)";
				SWIFT_OBJC_BRIDGING_HEADER = "MusicalCaneGame/MusicalCaneGame-Bridging-Header.h";
				SWIFT_VERSION = 4.0;
				TARGETED_DEVICE_FAMILY = "1,2";
			};
			name = Release;
		};
/* End XCBuildConfiguration section */

/* Begin XCConfigurationList section */
		AD6C6EE7210267B700E9D840 /* Build configuration list for PBXProject "MusicalCaneGame" */ = {
			isa = XCConfigurationList;
			buildConfigurations = (
				AD6C6EFC210267B800E9D840 /* Debug */,
				AD6C6EFD210267B800E9D840 /* Release */,
			);
			defaultConfigurationIsVisible = 0;
			defaultConfigurationName = Release;
		};
		AD6C6EFE210267B800E9D840 /* Build configuration list for PBXNativeTarget "MusicalCaneGame" */ = {
			isa = XCConfigurationList;
			buildConfigurations = (
				AD6C6EFF210267B800E9D840 /* Debug */,
				AD6C6F00210267B800E9D840 /* Release */,
			);
			defaultConfigurationIsVisible = 0;
			defaultConfigurationName = Release;
		};
/* End XCConfigurationList section */

/* Begin XCRemoteSwiftPackageReference section */
		9822A1C92CDAA4C900CFFD13 /* XCRemoteSwiftPackageReference "firebase-ios-sdk" */ = {
			isa = XCRemoteSwiftPackageReference;
			repositoryURL = "https://github.com/firebase/firebase-ios-sdk.git";
			requirement = {
				kind = upToNextMajorVersion;
				minimumVersion = 11.4.0;
			};
		};
/* End XCRemoteSwiftPackageReference section */

/* Begin XCSwiftPackageProductDependency section */
		9822A1CA2CDAA4C900CFFD13 /* FirebaseAnalytics */ = {
			isa = XCSwiftPackageProductDependency;
			package = 9822A1C92CDAA4C900CFFD13 /* XCRemoteSwiftPackageReference "firebase-ios-sdk" */;
			productName = FirebaseAnalytics;
		};
		9822A1CE2CDAA8C000CFFD13 /* FirebaseFirestore */ = {
			isa = XCSwiftPackageProductDependency;
			package = 9822A1C92CDAA4C900CFFD13 /* XCRemoteSwiftPackageReference "firebase-ios-sdk" */;
			productName = FirebaseFirestore;
		};
		9822A1D22CE3CDE900CFFD13 /* FirebaseAuth */ = {
			isa = XCSwiftPackageProductDependency;
			package = 9822A1C92CDAA4C900CFFD13 /* XCRemoteSwiftPackageReference "firebase-ios-sdk" */;
			productName = FirebaseAuth;
		};
		9822A1D42CE3CE1C00CFFD13 /* FirebaseAuth */ = {
			isa = XCSwiftPackageProductDependency;
			package = 9822A1C92CDAA4C900CFFD13 /* XCRemoteSwiftPackageReference "firebase-ios-sdk" */;
			productName = FirebaseAuth;
		};
/* End XCSwiftPackageProductDependency section */
	};
	rootObject = AD6C6EE4210267B700E9D840 /* Project object */;
}
